
Microsoft Visual Studio Solution File, Format Version 12.00
# Visual Studio Version 16
VisualStudioVersion = 16.0.32929.386
MinimumVisualStudioVersion = 10.0.40219.1
Project("{FAE04EC0-301F-11D3-BF4B-00C04F79EFBC}") = "baseball2", "baseball2\baseball2.csproj", "{9FD73DA9-2E71-422B-B73F-9664D6AEF551}"
EndProject
Global
	GlobalSection(SolutionConfigurationPlatforms) = preSolution
		Debug|Any CPU = Debug|Any CPU
		Release|Any CPU = Release|Any CPU
	EndGlobalSection
	GlobalSection(ProjectConfigurationPlatforms) = postSolution
		{9FD73DA9-2E71-422B-B73F-9664D6AEF551}.Debug|Any CPU.ActiveCfg = Debug|Any CPU
		{9FD73DA9-2E71-422B-B73F-9664D6AEF551}.Debug|Any CPU.Build.0 = Debug|Any CPU
		{9FD73DA9-2E71-422B-B73F-9664D6AEF551}.Release|Any CPU.ActiveCfg = Release|Any CPU
		{9FD73DA9-2E71-422B-B73F-9664D6AEF551}.Release|Any CPU.Build.0 = Release|Any CPU
	EndGlobalSection
	GlobalSection(SolutionProperties) = preSolution
		HideSolutionNode = FALSE
	EndGlobalSection
	GlobalSection(ExtensibilityGlobals) = postSolution
		SolutionGuid = {BEC6614F-F3EC-4FF5-9119-7C8B0B865FB4}
	EndGlobalSection
EndGlobal
